// !$*UTF8*$!
{
	archiveVersion = 1;
	classes = {
	};
	objectVersion = 46;
	objects = {

/* Begin PBXBuildFile section */
		38FD796B1C8542B300EB2130 /* main.m in Sources */ = {isa = PBXBuildFile; fileRef = 38FD796A1C8542B300EB2130 /* main.m */; };
		38FD796E1C8542B300EB2130 /* AppDelegate.m in Sources */ = {isa = PBXBuildFile; fileRef = 38FD796D1C8542B300EB2130 /* AppDelegate.m */; };
		38FD79711C8542B300EB2130 /* ViewController.m in Sources */ = {isa = PBXBuildFile; fileRef = 38FD79701C8542B300EB2130 /* ViewController.m */; };
		38FD79741C8542B300EB2130 /* Main.storyboard in Resources */ = {isa = PBXBuildFile; fileRef = 38FD79721C8542B300EB2130 /* Main.storyboard */; };
		38FD79761C8542B300EB2130 /* Assets.xcassets in Resources */ = {isa = PBXBuildFile; fileRef = 38FD79751C8542B300EB2130 /* Assets.xcassets */; };
		38FD79791C8542B300EB2130 /* LaunchScreen.storyboard in Resources */ = {isa = PBXBuildFile; fileRef = 38FD79771C8542B300EB2130 /* LaunchScreen.storyboard */; };
		38FD79841C8542B300EB2130 /* testPodSpec3Tests.m in Sources */ = {isa = PBXBuildFile; fileRef = 38FD79831C8542B300EB2130 /* testPodSpec3Tests.m */; };
		38FD798F1C8542B300EB2130 /* testPodSpec3UITests.m in Sources */ = {isa = PBXBuildFile; fileRef = 38FD798E1C8542B300EB2130 /* testPodSpec3UITests.m */; };
/* End PBXBuildFile section */

/* Begin PBXContainerItemProxy section */
		38FD79801C8542B300EB2130 /* PBXContainerItemProxy */ = {
			isa = PBXContainerItemProxy;
			containerPortal = 38FD795E1C8542B300EB2130 /* Project object */;
			proxyType = 1;
			remoteGlobalIDString = 38FD79651C8542B300EB2130;
			remoteInfo = testPodSpec3;
		};
		38FD798B1C8542B300EB2130 /* PBXContainerItemProxy */ = {
			isa = PBXContainerItemProxy;
			containerPortal = 38FD795E1C8542B300EB2130 /* Project object */;
			proxyType = 1;
			remoteGlobalIDString = 38FD79651C8542B300EB2130;
			remoteInfo = testPodSpec3;
		};
/* End PBXContainerItemProxy section */

/* Begin PBXFileReference section */
		38FD79661C8542B300EB2130 /* testPodSpec3.app */ = {isa = PBXFileReference; explicitFileType = wrapper.application; includeInIndex = 0; path = testPodSpec3.app; sourceTree = BUILT_PRODUCTS_DIR; };
		38FD796A1C8542B300EB2130 /* main.m */ = {isa = PBXFileReference; lastKnownFileType = sourcecode.c.objc; path = main.m; sourceTree = "<group>"; };
		38FD796C1C8542B300EB2130 /* AppDelegate.h */ = {isa = PBXFileReference; lastKnownFileType = sourcecode.c.h; path = AppDelegate.h; sourceTree = "<group>"; };
		38FD796D1C8542B300EB2130 /* AppDelegate.m */ = {isa = PBXFileReference; lastKnownFileType = sourcecode.c.objc; path = AppDelegate.m; sourceTree = "<group>"; };
		38FD796F1C8542B300EB2130 /* ViewController.h */ = {isa = PBXFileReference; lastKnownFileType = sourcecode.c.h; path = ViewController.h; sourceTree = "<group>"; };
		38FD79701C8542B300EB2130 /* ViewController.m */ = {isa = PBXFileReference; lastKnownFileType = sourcecode.c.objc; path = ViewController.m; sourceTree = "<group>"; };
		38FD79731C8542B300EB2130 /* Base */ = {isa = PBXFileReference; lastKnownFileType = file.storyboard; name = Base; path = Base.lproj/Main.storyboard; sourceTree = "<group>"; };
		38FD79751C8542B300EB2130 /* Assets.xcassets */ = {isa = PBXFileReference; lastKnownFileType = folder.assetcatalog; path = Assets.xcassets; sourceTree = "<group>"; };
		38FD79781C8542B300EB2130 /* Base */ = {isa = PBXFileReference; lastKnownFileType = file.storyboard; name = Base; path = Base.lproj/LaunchScreen.storyboard; sourceTree = "<group>"; };
		38FD797A1C8542B300EB2130 /* Info.plist */ = {isa = PBXFileReference; lastKnownFileType = text.plist.xml; path = Info.plist; sourceTree = "<group>"; };
		38FD797F1C8542B300EB2130 /* testPodSpec3Tests.xctest */ = {isa = PBXFileReference; explicitFileType = wrapper.cfbundle; includeInIndex = 0; path = testPodSpec3Tests.xctest; sourceTree = BUILT_PRODUCTS_DIR; };
		38FD79831C8542B300EB2130 /* testPodSpec3Tests.m */ = {isa = PBXFileReference; lastKnownFileType = sourcecode.c.objc; path = testPodSpec3Tests.m; sourceTree = "<group>"; };
		38FD79851C8542B300EB2130 /* Info.plist */ = {isa = PBXFileReference; lastKnownFileType = text.plist.xml; path = Info.plist; sourceTree = "<group>"; };
		38FD798A1C8542B300EB2130 /* testPodSpec3UITests.xctest */ = {isa = PBXFileReference; explicitFileType = wrapper.cfbundle; includeInIndex = 0; path = testPodSpec3UITests.xctest; sourceTree = BUILT_PRODUCTS_DIR; };
		38FD798E1C8542B300EB2130 /* testPodSpec3UITests.m */ = {isa = PBXFileReference; lastKnownFileType = sourcecode.c.objc; path = testPodSpec3UITests.m; sourceTree = "<group>"; };
		38FD79901C8542B300EB2130 /* Info.plist */ = {isa = PBXFileReference; lastKnownFileType = text.plist.xml; path = Info.plist; sourceTree = "<group>"; };
/* End PBXFileReference section */

/* Begin PBXFrameworksBuildPhase section */
		38FD79631C8542B300EB2130 /* Frameworks */ = {
			isa = PBXFrameworksBuildPhase;
			buildActionMask = 2147483647;
			files = (
			);
			runOnlyForDeploymentPostprocessing = 0;
		};
		38FD797C1C8542B300EB2130 /* Frameworks */ = {
			isa = PBXFrameworksBuildPhase;
			buildActionMask = 2147483647;
			files = (
			);
			runOnlyForDeploymentPostprocessing = 0;
		};
		38FD79871C8542B300EB2130 /* Frameworks */ = {
			isa = PBXFrameworksBuildPhase;
			buildActionMask = 2147483647;
			files = (
			);
			runOnlyForDeploymentPostprocessing = 0;
		};
/* End PBXFrameworksBuildPhase section */

/* Begin PBXGroup section */
		38FD795D1C8542B300EB2130 = {
			isa = PBXGroup;
			children = (
				38FD79681C8542B300EB2130 /* testPodSpec3 */,
				38FD79821C8542B300EB2130 /* testPodSpec3Tests */,
				38FD798D1C8542B300EB2130 /* testPodSpec3UITests */,
				38FD79671C8542B300EB2130 /* Products */,
			);
			sourceTree = "<group>";
		};
		38FD79671C8542B300EB2130 /* Products */ = {
			isa = PBXGroup;
			children = (
				38FD79661C8542B300EB2130 /* testPodSpec3.app */,
				38FD797F1C8542B300EB2130 /* testPodSpec3Tests.xctest */,
				38FD798A1C8542B300EB2130 /* testPodSpec3UITests.xctest */,
			);
			name = Products;
			sourceTree = "<group>";
		};
		38FD79681C8542B300EB2130 /* testPodSpec3 */ = {
			isa = PBXGroup;
			children = (
				38FD796C1C8542B300EB2130 /* AppDelegate.h */,
				38FD796D1C8542B300EB2130 /* AppDelegate.m */,
				38FD796F1C8542B300EB2130 /* ViewController.h */,
				38FD79701C8542B300EB2130 /* ViewController.m */,
				38FD79721C8542B300EB2130 /* Main.storyboard */,
				38FD79751C8542B300EB2130 /* Assets.xcassets */,
				38FD79771C8542B300EB2130 /* LaunchScreen.storyboard */,
				38FD797A1C8542B300EB2130 /* Info.plist */,
				38FD79691C8542B300EB2130 /* Supporting Files */,
			);
			path = testPodSpec3;
			sourceTree = "<group>";
		};
		38FD79691C8542B300EB2130 /* Supporting Files */ = {
			isa = PBXGroup;
			children = (
				38FD796A1C8542B300EB2130 /* main.m */,
			);
			name = "Supporting Files";
			sourceTree = "<group>";
		};
		38FD79821C8542B300EB2130 /* testPodSpec3Tests */ = {
			isa = PBXGroup;
			children = (
				38FD79831C8542B300EB2130 /* testPodSpec3Tests.m */,
				38FD79851C8542B300EB2130 /* Info.plist */,
			);
			path = testPodSpec3Tests;
			sourceTree = "<group>";
		};
		38FD798D1C8542B300EB2130 /* testPodSpec3UITests */ = {
			isa = PBXGroup;
			children = (
				38FD798E1C8542B300EB2130 /* testPodSpec3UITests.m */,
				38FD79901C8542B300EB2130 /* Info.plist */,
			);
			path = testPodSpec3UITests;
			sourceTree = "<group>";
		};
/* End PBXGroup section */

/* Begin PBXNativeTarget section */
		38FD79651C8542B300EB2130 /* testPodSpec3 */ = {
			isa = PBXNativeTarget;
			buildConfigurationList = 38FD79931C8542B300EB2130 /* Build configuration list for PBXNativeTarget "testPodSpec3" */;
			buildPhases = (
				38FD79621C8542B300EB2130 /* Sources */,
				38FD79631C8542B300EB2130 /* Frameworks */,
				38FD79641C8542B300EB2130 /* Resources */,
			);
			buildRules = (
			);
			dependencies = (
			);
			name = testPodSpec3;
			productName = testPodSpec3;
			productReference = 38FD79661C8542B300EB2130 /* testPodSpec3.app */;
			productType = "com.apple.product-type.application";
		};
		38FD797E1C8542B300EB2130 /* testPodSpec3Tests */ = {
			isa = PBXNativeTarget;
			buildConfigurationList = 38FD79961C8542B300EB2130 /* Build configuration list for PBXNativeTarget "testPodSpec3Tests" */;
			buildPhases = (
				38FD797B1C8542B300EB2130 /* Sources */,
				38FD797C1C8542B300EB2130 /* Frameworks */,
				38FD797D1C8542B300EB2130 /* Resources */,
			);
			buildRules = (
			);
			dependencies = (
				38FD79811C8542B300EB2130 /* PBXTargetDependency */,
			);
			name = testPodSpec3Tests;
			productName = testPodSpec3Tests;
			productReference = 38FD797F1C8542B300EB2130 /* testPodSpec3Tests.xctest */;
			productType = "com.apple.product-type.bundle.unit-test";
		};
		38FD79891C8542B300EB2130 /* testPodSpec3UITests */ = {
			isa = PBXNativeTarget;
			buildConfigurationList = 38FD79991C8542B300EB2130 /* Build configuration list for PBXNativeTarget "testPodSpec3UITests" */;
			buildPhases = (
				38FD79861C8542B300EB2130 /* Sources */,
				38FD79871C8542B300EB2130 /* Frameworks */,
				38FD79881C8542B300EB2130 /* Resources */,
			);
			buildRules = (
			);
			dependencies = (
				38FD798C1C8542B300EB2130 /* PBXTargetDependency */,
			);
			name = testPodSpec3UITests;
			productName = testPodSpec3UITests;
			productReference = 38FD798A1C8542B300EB2130 /* testPodSpec3UITests.xctest */;
			productType = "com.apple.product-type.bundle.ui-testing";
		};
/* End PBXNativeTarget section */

/* Begin PBXProject section */
		38FD795E1C8542B300EB2130 /* Project object */ = {
			isa = PBXProject;
			attributes = {
				LastUpgradeCheck = 0720;
				ORGANIZATIONNAME = tairan;
				TargetAttributes = {
					38FD79651C8542B300EB2130 = {
						CreatedOnToolsVersion = 7.2;
					};
					38FD797E1C8542B300EB2130 = {
						CreatedOnToolsVersion = 7.2;
						TestTargetID = 38FD79651C8542B300EB2130;
					};
					38FD79891C8542B300EB2130 = {
						CreatedOnToolsVersion = 7.2;
						TestTargetID = 38FD79651C8542B300EB2130;
					};
				};
			};
			buildConfigurationList = 38FD79611C8542B300EB2130 /* Build configuration list for PBXProject "testPodSpec3" */;
			compatibilityVersion = "Xcode 3.2";
			developmentRegion = English;
			hasScannedForEncodings = 0;
			knownRegions = (
				en,
				Base,
			);
			mainGroup = 38FD795D1C8542B300EB2130;
			productRefGroup = 38FD79671C8542B300EB2130 /* Products */;
			projectDirPath = "";
			projectRoot = "";
			targets = (
				38FD79651C8542B300EB2130 /* testPodSpec3 */,
				38FD797E1C8542B300EB2130 /* testPodSpec3Tests */,
				38FD79891C8542B300EB2130 /* testPodSpec3UITests */,
			);
		};
/* End PBXProject section */

/* Begin PBXResourcesBuildPhase section */
		38FD79641C8542B300EB2130 /* Resources */ = {
			isa = PBXResourcesBuildPhase;
			buildActionMask = 2147483647;
			files = (
				38FD79791C8542B300EB2130 /* LaunchScreen.storyboard in Resources */,
				38FD79761C8542B300EB2130 /* Assets.xcassets in Resources */,
				38FD79741C8542B300EB2130 /* Main.storyboard in Resources */,
			);
			runOnlyForDeploymentPostprocessing = 0;
		};
		38FD797D1C8542B300EB2130 /* Resources */ = {
			isa = PBXResourcesBuildPhase;
			buildActionMask = 2147483647;
			files = (
			);
			runOnlyForDeploymentPostprocessing = 0;
		};
		38FD79881C8542B300EB2130 /* Resources */ = {
			isa = PBXResourcesBuildPhase;
			buildActionMask = 2147483647;
			files = (
			);
			runOnlyForDeploymentPostprocessing = 0;
		};
/* End PBXResourcesBuildPhase section */

/* Begin PBXSourcesBuildPhase section */
		38FD79621C8542B300EB2130 /* Sources */ = {
			isa = PBXSourcesBuildPhase;
			buildActionMask = 2147483647;
			files = (
				38FD79711C8542B300EB2130 /* ViewController.m in Sources */,
				38FD796E1C8542B300EB2130 /* AppDelegate.m in Sources */,
				38FD796B1C8542B300EB2130 /* main.m in Sources */,
			);
			runOnlyForDeploymentPostprocessing = 0;
		};
		38FD797B1C8542B300EB2130 /* Sources */ = {
			isa = PBXSourcesBuildPhase;
			buildActionMask = 2147483647;
			files = (
				38FD79841C8542B300EB2130 /* testPodSpec3Tests.m in Sources */,
			);
			runOnlyForDeploymentPostprocessing = 0;
		};
		38FD79861C8542B300EB2130 /* Sources */ = {
			isa = PBXSourcesBuildPhase;
			buildActionMask = 2147483647;
			files = (
				38FD798F1C8542B300EB2130 /* testPodSpec3UITests.m in Sources */,
			);
			runOnlyForDeploymentPostprocessing = 0;
		};
/* End PBXSourcesBuildPhase section */

/* Begin PBXTargetDependency section */
		38FD79811C8542B300EB2130 /* PBXTargetDependency */ = {
			isa = PBXTargetDependency;
			target = 38FD79651C8542B300EB2130 /* testPodSpec3 */;
			targetProxy = 38FD79801C8542B300EB2130 /* PBXContainerItemProxy */;
		};
		38FD798C1C8542B300EB2130 /* PBXTargetDependency */ = {
			isa = PBXTargetDependency;
			target = 38FD79651C8542B300EB2130 /* testPodSpec3 */;
			targetProxy = 38FD798B1C8542B300EB2130 /* PBXContainerItemProxy */;
		};
/* End PBXTargetDependency section */

/* Begin PBXVariantGroup section */
		38FD79721C8542B300EB2130 /* Main.storyboard */ = {
			isa = PBXVariantGroup;
			children = (
				38FD79731C8542B300EB2130 /* Base */,
			);
			name = Main.storyboard;
			sourceTree = "<group>";
		};
		38FD79771C8542B300EB2130 /* LaunchScreen.storyboard */ = {
			isa = PBXVariantGroup;
			children = (
				38FD79781C8542B300EB2130 /* Base */,
			);
			name = LaunchScreen.storyboard;
			sourceTree = "<group>";
		};
/* End PBXVariantGroup section */

/* Begin XCBuildConfiguration section */
		38FD79911C8542B300EB2130 /* Debug */ = {
			isa = XCBuildConfiguration;
			buildSettings = {
				ALWAYS_SEARCH_USER_PATHS = NO;
				CLANG_CXX_LANGUAGE_STANDARD = "gnu++0x";
				CLANG_CXX_LIBRARY = "libc++";
				CLANG_ENABLE_MODULES = YES;
				CLANG_ENABLE_OBJC_ARC = YES;
				CLANG_WARN_BOOL_CONVERSION = YES;
				CLANG_WARN_CONSTANT_CONVERSION = YES;
				CLANG_WARN_DIRECT_OBJC_ISA_USAGE = YES_ERROR;
				CLANG_WARN_EMPTY_BODY = YES;
				CLANG_WARN_ENUM_CONVERSION = YES;
				CLANG_WARN_INT_CONVERSION = YES;
				CLANG_WARN_OBJC_ROOT_CLASS = YES_ERROR;
				CLANG_WARN_UNREACHABLE_CODE = YES;
				CLANG_WARN__DUPLICATE_METHOD_MATCH = YES;
				"CODE_SIGN_IDENTITY[sdk=iphoneos*]" = "iPhone Developer";
				COPY_PHASE_STRIP = NO;
				DEBUG_INFORMATION_FORMAT = dwarf;
				ENABLE_STRICT_OBJC_MSGSEND = YES;
				ENABLE_TESTABILITY = YES;
				GCC_C_LANGUAGE_STANDARD = gnu99;
				GCC_DYNAMIC_NO_PIC = NO;
				GCC_NO_COMMON_BLOCKS = YES;
				GCC_OPTIMIZATION_LEVEL = 0;
				GCC_PREPROCESSOR_DEFINITIONS = (
					"DEBUG=1",
					"$(inherited)",
				);
				GCC_WARN_64_TO_32_BIT_CONVERSION = YES;
				GCC_WARN_ABOUT_RETURN_TYPE = YES_ERROR;
				GCC_WARN_UNDECLARED_SELECTOR = YES;
				GCC_WARN_UNINITIALIZED_AUTOS = YES_AGGRESSIVE;
				GCC_WARN_UNUSED_FUNCTION = YES;
				GCC_WARN_UNUSED_VARIABLE = YES;
				IPHONEOS_DEPLOYMENT_TARGET = 9.2;
				MTL_ENABLE_DEBUG_INFO = YES;
				ONLY_ACTIVE_ARCH = YES;
				SDKROOT = iphoneos;
				TARGETED_DEVICE_FAMILY = "1,2";
			};
			name = Debug;
		};
		38FD79921C8542B300EB2130 /* Release */ = {
			isa = XCBuildConfiguration;
			buildSettings = {
				ALWAYS_SEARCH_USER_PATHS = NO;
				CLANG_CXX_LANGUAGE_STANDARD = "gnu++0x";
				CLANG_CXX_LIBRARY = "libc++";
				CLANG_ENABLE_MODULES = YES;
				CLANG_ENABLE_OBJC_ARC = YES;
				CLANG_WARN_BOOL_CONVERSION = YES;
				CLANG_WARN_CONSTANT_CONVERSION = YES;
				CLANG_WARN_DIRECT_OBJC_ISA_USAGE = YES_ERROR;
				CLANG_WARN_EMPTY_BODY = YES;
				CLANG_WARN_ENUM_CONVERSION = YES;
				CLANG_WARN_INT_CONVERSION = YES;
				CLANG_WARN_OBJC_ROOT_CLASS = YES_ERROR;
				CLANG_WARN_UNREACHABLE_CODE = YES;
				CLANG_WARN__DUPLICATE_METHOD_MATCH = YES;
				"CODE_SIGN_IDENTITY[sdk=iphoneos*]" = "iPhone Developer";
				COPY_PHASE_STRIP = NO;
				DEBUG_INFORMATION_FORMAT = "dwarf-with-dsym";
				ENABLE_NS_ASSERTIONS = NO;
				ENABLE_STRICT_OBJC_MSGSEND = YES;
				GCC_C_LANGUAGE_STANDARD = gnu99;
				GCC_NO_COMMON_BLOCKS = YES;
				GCC_WARN_64_TO_32_BIT_CONVERSION = YES;
				GCC_WARN_ABOUT_RETURN_TYPE = YES_ERROR;
				GCC_WARN_UNDECLARED_SELECTOR = YES;
				GCC_WARN_UNINITIALIZED_AUTOS = YES_AGGRESSIVE;
				GCC_WARN_UNUSED_FUNCTION = YES;
				GCC_WARN_UNUSED_VARIABLE = YES;
				IPHONEOS_DEPLOYMENT_TARGET = 9.2;
				MTL_ENABLE_DEBUG_INFO = NO;
				SDKROOT = iphoneos;
				TARGETED_DEVICE_FAMILY = "1,2";
				VALIDATE_PRODUCT = YES;
			};
			name = Release;
		};
		38FD79941C8542B300EB2130 /* Debug */ = {
			isa = XCBuildConfiguration;
			buildSettings = {
				ASSETCATALOG_COMPILER_APPICON_NAME = AppIcon;
				INFOPLIST_FILE = testPodSpec3/Info.plist;
				LD_RUNPATH_SEARCH_PATHS = "$(inherited) @executable_path/Frameworks";
				PRODUCT_BUNDLE_IDENTIFIER = com.tairan.testPodSpec3;
				PRODUCT_NAME = "$(TARGET_NAME)";
			};
			name = Debug;
		};
		38FD79951C8542B300EB2130 /* Release */ = {
			isa = XCBuildConfiguration;
			buildSettings = {
				ASSETCATALOG_COMPILER_APPICON_NAME = AppIcon;
				INFOPLIST_FILE = testPodSpec3/Info.plist;
				LD_RUNPATH_SEARCH_PATHS = "$(inherited) @executable_path/Frameworks";
				PRODUCT_BUNDLE_IDENTIFIER = com.tairan.testPodSpec3;
				PRODUCT_NAME = "$(TARGET_NAME)";
			};
			name = Release;
		};
		38FD79971C8542B300EB2130 /* Debug */ = {
			isa = XCBuildConfiguration;
			buildSettings = {
				BUNDLE_LOADER = "$(TEST_HOST)";
				INFOPLIST_FILE = testPodSpec3Tests/Info.plist;
				LD_RUNPATH_SEARCH_PATHS = "$(inherited) @executable_path/Frameworks @loader_path/Frameworks";
				PRODUCT_BUNDLE_IDENTIFIER = com.tairan.testPodSpec3Tests;
				PRODUCT_NAME = "$(TARGET_NAME)";
				TEST_HOST = "$(BUILT_PRODUCTS_DIR)/testPodSpec3.app/testPodSpec3";
			};
			name = Debug;
		};
		38FD79981C8542B300EB2130 /* Release */ = {
			isa = XCBuildConfiguration;
			buildSettings = {
				BUNDLE_LOADER = "$(TEST_HOST)";
				INFOPLIST_FILE = testPodSpec3Tests/Info.plist;
				LD_RUNPATH_SEARCH_PATHS = "$(inherited) @executable_path/Frameworks @loader_path/Frameworks";
				PRODUCT_BUNDLE_IDENTIFIER = com.tairan.testPodSpec3Tests;
				PRODUCT_NAME = "$(TARGET_NAME)";
				TEST_HOST = "$(BUILT_PRODUCTS_DIR)/testPodSpec3.app/testPodSpec3";
			};
			name = Release;
		};
		38FD799A1C8542B300EB2130 /* Debug */ = {
			isa = XCBuildConfiguration;
			buildSettings = {
				INFOPLIST_FILE = testPodSpec3UITests/Info.plist;
				LD_RUNPATH_SEARCH_PATHS = "$(inherited) @executable_path/Frameworks @loader_path/Frameworks";
				PRODUCT_BUNDLE_IDENTIFIER = com.tairan.testPodSpec3UITests;
				PRODUCT_NAME = "$(TARGET_NAME)";
				TEST_TARGET_NAME = testPodSpec3;
				USES_XCTRUNNER = YES;
			};
			name = Debug;
		};
		38FD799B1C8542B300EB2130 /* Release */ = {
			isa = XCBuildConfiguration;
			buildSettings = {
				INFOPLIST_FILE = testPodSpec3UITests/Info.plist;
				LD_RUNPATH_SEARCH_PATHS = "$(inherited) @executable_path/Frameworks @loader_path/Frameworks";
				PRODUCT_BUNDLE_IDENTIFIER = com.tairan.testPodSpec3UITests;
				PRODUCT_NAME = "$(TARGET_NAME)";
				TEST_TARGET_NAME = testPodSpec3;
				USES_XCTRUNNER = YES;
			};
			name = Release;
		};
/* End XCBuildConfiguration section */

/* Begin XCConfigurationList section */
		38FD79611C8542B300EB2130 /* Build configuration list for PBXProject "testPodSpec3" */ = {
			isa = XCConfigurationList;
			buildConfigurations = (
				38FD79911C8542B300EB2130 /* Debug */,
				38FD79921C8542B300EB2130 /* Release */,
			);
			defaultConfigurationIsVisible = 0;
			defaultConfigurationName = Release;
		};
		38FD79931C8542B300EB2130 /* Build configuration list for PBXNativeTarget "testPodSpec3" */ = {
			isa = XCConfigurationList;
			buildConfigurations = (
				38FD79941C8542B300EB2130 /* Debug */,
				38FD79951C8542B300EB2130 /* Release */,
			);
			defaultConfigurationIsVisible = 0;
		};
		38FD79961C8542B300EB2130 /* Build configuration list for PBXNativeTarget "testPodSpec3Tests" */ = {
			isa = XCConfigurationList;
			buildConfigurations = (
				38FD79971C8542B300EB2130 /* Debug */,
				38FD79981C8542B300EB2130 /* Release */,
			);
			defaultConfigurationIsVisible = 0;
		};
		38FD79991C8542B300EB2130 /* Build configuration list for PBXNativeTarget "testPodSpec3UITests" */ = {
			isa = XCConfigurationList;
			buildConfigurations = (
				38FD799A1C8542B300EB2130 /* Debug */,
				38FD799B1C8542B300EB2130 /* Release */,
			);
			defaultConfigurationIsVisible = 0;
		};
/* End XCConfigurationList section */
	};
	rootObject = 38FD795E1C8542B300EB2130 /* Project object */;
}
